
Microsoft Visual Studio Solution File, Format Version 12.00
# Visual Studio 2012
Project("{2150E333-8FDC-42A3-9474-1A3956D46DE8}") = "Chapter01", "Chapter01", "{1FDE2565-C602-421C-83FD-90F121727991}"
EndProject
Project("{8BC9CEB8-8B4A-11D0-8D11-00A0C91BC942}") = "ch01-01-Triangle", "src\Chapter01\ch01-01-Triangle\ch01-01-Triangle.vcxproj", "{A3A5EA75-1B4E-4149-8DFF-90D8A28A10FB}"
EndProject
Project("{2150E333-8FDC-42A3-9474-1A3956D46DE8}") = "Chapter02", "Chapter02", "{A6BAF9F3-A66D-458B-932A-6EBC47017FD4}"
EndProject
Project("{2150E333-8FDC-42A3-9474-1A3956D46DE8}") = "Chapter03", "Chapter03", "{38F4FAE1-1B93-4115-ACD5-CCB6456FBB39}"
EndProject
Project("{2150E333-8FDC-42A3-9474-1A3956D46DE8}") = "Chapter04", "Chapter04", "{1C1904AA-2634-402E-B980-A7CA320FC995}"
EndProject
Project("{2150E333-8FDC-42A3-9474-1A3956D46DE8}") = "Chapter05", "Chapter05", "{7FEC8A29-BDB6-472F-A158-A27AD792D9C5}"
EndProject
Project("{2150E333-8FDC-42A3-9474-1A3956D46DE8}") = "Chapter06", "Chapter06", "{16FE7ABD-679E-4F87-8141-CFC15CB6F8AD}"
EndProject
Project("{2150E333-8FDC-42A3-9474-1A3956D46DE8}") = "Chapter07", "Chapter07", "{E43A1512-1956-4BCF-ABFC-F318F93BB80F}"
EndProject
Project("{2150E333-8FDC-42A3-9474-1A3956D46DE8}") = "Chapter08", "Chapter08", "{7CA79CA4-A512-4632-94D1-FC63360B460C}"
EndProject
Project("{2150E333-8FDC-42A3-9474-1A3956D46DE8}") = "Chapter09", "Chapter09", "{613E700C-F00C-482F-AEA8-88746C34A025}"
EndProject
Project("{2150E333-8FDC-42A3-9474-1A3956D46DE8}") = "Chapter10", "Chapter10", "{053D3676-878C-49FC-BE07-5EE4E0D75F81}"
EndProject
Project("{2150E333-8FDC-42A3-9474-1A3956D46DE8}") = "Chapter11", "Chapter11", "{E3A239D6-73C7-45AF-8BF3-424B5D377AC0}"
EndProject
Project("{8BC9CEB8-8B4A-11D0-8D11-00A0C91BC942}") = "ch03-01-BufferSubData", "src\Chapter03\ch03-01-BufferSubData\ch03-01-BufferSubData.vcxproj", "{3C574CD2-9D2C-423A-9644-FEF1EA78BAB9}"
EndProject
Project("{8BC9CEB8-8B4A-11D0-8D11-00A0C91BC942}") = "ch03-02-IndexDraw", "src\Chapter03\ch03-02-IndexDraw\ch03-02-IndexDraw.vcxproj", "{784FAF48-D6BC-40ED-A41E-8788AD4310B3}"
EndProject
Project("{8BC9CEB8-8B4A-11D0-8D11-00A0C91BC942}") = "ch03-03-Instance-1", "src\Chapter03\ch03-03-Instance-1\ch03-03-Instance-1.vcxproj", "{31F232A3-B84C-4101-8E72-52994F0DFDB1}"
EndProject
Project("{8BC9CEB8-8B4A-11D0-8D11-00A0C91BC942}") = "ch03-04-Instance-2", "src\Chapter03\ch03-04-Instance-2\ch03-04-Instance-2.vcxproj", "{66FE22F6-CD5E-4E1D-A5C0-B28E79A9EBDB}"
EndProject
Project("{8BC9CEB8-8B4A-11D0-8D11-00A0C91BC942}") = "ch03-05-Instance-3", "src\Chapter03\ch03-05-Instance-3\ch03-05-Instance-3.vcxproj", "{93C16D96-B3D2-4C65-84BA-27DA05CE3E11}"
EndProject
Project("{8BC9CEB8-8B4A-11D0-8D11-00A0C91BC942}") = "ch03-06-Primitive-Restart", "src\Chapter03\ch03-06-Primitive-Restart\ch03-06-Primitive-Restart.vcxproj", "{A9A2C480-32AC-4EE2-A35F-8940DB75B1B9}"
EndProject
Project("{8BC9CEB8-8B4A-11D0-8D11-00A0C91BC942}") = "ch05-01-Transform-Feedback", "src\Chapter05\ch05-01-Transform-Feedback\ch05-01-Transform-Feedback.vcxproj", "{5DD2FCCD-9488-4AFA-90BB-AB31926BD9BF}"
EndProject
Project("{8BC9CEB8-8B4A-11D0-8D11-00A0C91BC942}") = "ch04-01-Color", "src\Chapter04\ch04-01-Color\ch04-01-Color.vcxproj", "{B2E6AC7A-D171-404E-8C81-7633493A32B3}"
EndProject
Project("{8BC9CEB8-8B4A-11D0-8D11-00A0C91BC942}") = "ch06-01-Texture-Data", "src\Chapter06\ch06-01-Texture-Data\ch06-01-Texture-Data.vcxproj", "{16E1A57C-3552-449F-8255-0A8031B264AF}"
EndProject
Project("{8BC9CEB8-8B4A-11D0-8D11-00A0C91BC942}") = "ch06-03-Texture-Wrapping", "src\Chapter06\ch06-03-Texture-Wrapping\ch06-03-Texture-Wrapping.vcxproj", "{6F03E92D-FA2F-4E9E-92D6-428848A0A6D6}"
EndProject
Project("{8BC9CEB8-8B4A-11D0-8D11-00A0C91BC942}") = "ch06-04-Texture-Unit", "src\Chapter06\ch06-04-Texture-Unit\ch06-04-Texture-Unit.vcxproj", "{7957F4B4-0F77-485D-8107-FE918DE15572}"
EndProject
Project("{8BC9CEB8-8B4A-11D0-8D11-00A0C91BC942}") = "ch06-05-Texture-volume", "src\Chapter06\ch06-05-Texture-volume\ch06-05-Texture-volume.vcxproj", "{537D0994-7C12-4657-BD6D-CEF9FB9E5452}"
EndProject
Project("{8BC9CEB8-8B4A-11D0-8D11-00A0C91BC942}") = "ch06-06-Texture-Cube", "src\Chapter06\ch06-06-Texture-Cube\ch06-06-Texture-Cube.vcxproj", "{2E1A6D6D-5F75-4057-8FA1-48617C1369F2}"
EndProject
Project("{8BC9CEB8-8B4A-11D0-8D11-00A0C91BC942}") = "ch06-07-Texture-Filters", "src\Chapter06\ch06-07-Texture-Filters\ch06-07-Texture-Filters.vcxproj", "{0F66C673-22B3-464A-8E6D-F59FA045E009}"
EndProject
Project("{8BC9CEB8-8B4A-11D0-8D11-00A0C91BC942}") = "ch06-08-Texture-Mipmap", "src\Chapter06\ch06-08-Texture-Mipmap\ch06-08-Texture-Mipmap.vcxproj", "{61CF8DB1-4CA6-42E0-B956-9889DF914B6D}"
EndProject
Project("{8BC9CEB8-8B4A-11D0-8D11-00A0C91BC942}") = "ch06-09-Texture-Sprites", "src\Chapter06\ch06-09-Texture-Sprites\ch06-09-Texture-Sprites.vcxproj", "{A5A9FAF5-7D1D-4FE3-A850-6C20E490BE45}"
EndProject
Project("{8BC9CEB8-8B4A-11D0-8D11-00A0C91BC942}") = "ch06-02-Texture-Image", "src\Chapter06\ch06-02-Texture-Image\ch06-02-Texture-Image.vcxproj", "{8F7D83C2-A12D-40BF-A6A7-F8123AE0CF21}"
EndProject
Project("{2150E333-8FDC-42A3-9474-1A3956D46DE8}") = "Chapter12", "Chapter12", "{B39B156E-AAC9-42AD-863E-504C273F3F9F}"
	ProjectSection(SolutionItems) = preProject
		src\Chapter12\ch12-02-Comp-Particles\ch12-02-Comp-Particles.vcxproj = src\Chapter12\ch12-02-Comp-Particles\ch12-02-Comp-Particles.vcxproj
	EndProjectSection
EndProject
Project("{8BC9CEB8-8B4A-11D0-8D11-00A0C91BC942}") = "ch12-01-Comp-Simple", "src\Chapter12\ch12-01-Comp-Simple\ch12-01-Comp-Simple.vcxproj", "{2C400170-7AE0-49C9-A467-504980D159E2}"
EndProject
Project("{8BC9CEB8-8B4A-11D0-8D11-00A0C91BC942}") = "ch12-03-Geom-Image-Processing", "src\Chapter12\ch12-03-Geom-Image-Processing\ch12-03-Geom-Image-Processing.vcxproj", "{C6231714-4E18-4C12-8BB7-D0452CA14E1A}"
EndProject
Project("{8BC9CEB8-8B4A-11D0-8D11-00A0C91BC942}") = "ch10-01-Geom-Fur", "src\Chapter10\ch10-01-Geom-Fur\ch10-01-Geom-Fur.vcxproj", "{0297DB69-5F9F-4792-9A52-21E50736BC45}"
EndProject
Project("{8BC9CEB8-8B4A-11D0-8D11-00A0C91BC942}") = "ch10-02-Geom-Feedback", "src\Chapter10\ch10-02-Geom-Feedback\ch10-02-Geom-Feedback.vcxproj", "{22C9230F-EC54-4DE4-A7D8-1700DFE171AC}"
EndProject
Project("{8BC9CEB8-8B4A-11D0-8D11-00A0C91BC942}") = "ch10-03-Geom-Viewport", "src\Chapter10\ch10-03-Geom-Viewport\ch10-03-Geom-Viewport.vcxproj", "{7A0294C8-B0CC-463E-986B-3FED08A33914}"
EndProject
Project("{8BC9CEB8-8B4A-11D0-8D11-00A0C91BC942}") = "ch09-01-Tess-Quad", "src\Chapter09\ch09-01-Tess-Quad\ch09-01-Tess-Quad.vcxproj", "{CBB8EAF7-2221-4DD6-B3CA-CD5F3109D1F2}"
EndProject
Project("{8BC9CEB8-8B4A-11D0-8D11-00A0C91BC942}") = "ch09-02-Tess-Teapot", "src\Chapter09\ch09-02-Tess-Teapot\ch09-02-Tess-Teapot.vcxproj", "{6D346702-0C12-4DA0-B45C-420B792B3F1C}"
EndProject
Global
	GlobalSection(SolutionConfigurationPlatforms) = preSolution
		Debug|Win32 = Debug|Win32
		Debug|x64 = Debug|x64
		Release|Win32 = Release|Win32
		Release|x64 = Release|x64
	EndGlobalSection
	GlobalSection(ProjectConfigurationPlatforms) = postSolution
		{A3A5EA75-1B4E-4149-8DFF-90D8A28A10FB}.Debug|Win32.ActiveCfg = Debug|Win32
		{A3A5EA75-1B4E-4149-8DFF-90D8A28A10FB}.Debug|Win32.Build.0 = Debug|Win32
		{A3A5EA75-1B4E-4149-8DFF-90D8A28A10FB}.Debug|x64.ActiveCfg = Debug|Win32
		{A3A5EA75-1B4E-4149-8DFF-90D8A28A10FB}.Release|Win32.ActiveCfg = Release|Win32
		{A3A5EA75-1B4E-4149-8DFF-90D8A28A10FB}.Release|Win32.Build.0 = Release|Win32
		{A3A5EA75-1B4E-4149-8DFF-90D8A28A10FB}.Release|x64.ActiveCfg = Release|Win32
		{3C574CD2-9D2C-423A-9644-FEF1EA78BAB9}.Debug|Win32.ActiveCfg = Debug|Win32
		{3C574CD2-9D2C-423A-9644-FEF1EA78BAB9}.Debug|Win32.Build.0 = Debug|Win32
		{3C574CD2-9D2C-423A-9644-FEF1EA78BAB9}.Debug|x64.ActiveCfg = Debug|Win32
		{3C574CD2-9D2C-423A-9644-FEF1EA78BAB9}.Release|Win32.ActiveCfg = Release|Win32
		{3C574CD2-9D2C-423A-9644-FEF1EA78BAB9}.Release|Win32.Build.0 = Release|Win32
		{3C574CD2-9D2C-423A-9644-FEF1EA78BAB9}.Release|x64.ActiveCfg = Release|Win32
		{784FAF48-D6BC-40ED-A41E-8788AD4310B3}.Debug|Win32.ActiveCfg = Debug|Win32
		{784FAF48-D6BC-40ED-A41E-8788AD4310B3}.Debug|Win32.Build.0 = Debug|Win32
		{784FAF48-D6BC-40ED-A41E-8788AD4310B3}.Debug|x64.ActiveCfg = Debug|Win32
		{784FAF48-D6BC-40ED-A41E-8788AD4310B3}.Release|Win32.ActiveCfg = Release|Win32
		{784FAF48-D6BC-40ED-A41E-8788AD4310B3}.Release|Win32.Build.0 = Release|Win32
		{784FAF48-D6BC-40ED-A41E-8788AD4310B3}.Release|x64.ActiveCfg = Release|Win32
		{31F232A3-B84C-4101-8E72-52994F0DFDB1}.Debug|Win32.ActiveCfg = Debug|Win32
		{31F232A3-B84C-4101-8E72-52994F0DFDB1}.Debug|Win32.Build.0 = Debug|Win32
		{31F232A3-B84C-4101-8E72-52994F0DFDB1}.Debug|x64.ActiveCfg = Debug|Win32
		{31F232A3-B84C-4101-8E72-52994F0DFDB1}.Release|Win32.ActiveCfg = Release|Win32
		{31F232A3-B84C-4101-8E72-52994F0DFDB1}.Release|Win32.Build.0 = Release|Win32
		{31F232A3-B84C-4101-8E72-52994F0DFDB1}.Release|x64.ActiveCfg = Release|Win32
		{66FE22F6-CD5E-4E1D-A5C0-B28E79A9EBDB}.Debug|Win32.ActiveCfg = Debug|Win32
		{66FE22F6-CD5E-4E1D-A5C0-B28E79A9EBDB}.Debug|Win32.Build.0 = Debug|Win32
		{66FE22F6-CD5E-4E1D-A5C0-B28E79A9EBDB}.Debug|x64.ActiveCfg = Debug|Win32
		{66FE22F6-CD5E-4E1D-A5C0-B28E79A9EBDB}.Release|Win32.ActiveCfg = Release|Win32
		{66FE22F6-CD5E-4E1D-A5C0-B28E79A9EBDB}.Release|Win32.Build.0 = Release|Win32
		{66FE22F6-CD5E-4E1D-A5C0-B28E79A9EBDB}.Release|x64.ActiveCfg = Release|Win32
		{93C16D96-B3D2-4C65-84BA-27DA05CE3E11}.Debug|Win32.ActiveCfg = Debug|Win32
		{93C16D96-B3D2-4C65-84BA-27DA05CE3E11}.Debug|Win32.Build.0 = Debug|Win32
		{93C16D96-B3D2-4C65-84BA-27DA05CE3E11}.Debug|x64.ActiveCfg = Debug|Win32
		{93C16D96-B3D2-4C65-84BA-27DA05CE3E11}.Release|Win32.ActiveCfg = Release|Win32
		{93C16D96-B3D2-4C65-84BA-27DA05CE3E11}.Release|Win32.Build.0 = Release|Win32
		{93C16D96-B3D2-4C65-84BA-27DA05CE3E11}.Release|x64.ActiveCfg = Release|Win32
		{A9A2C480-32AC-4EE2-A35F-8940DB75B1B9}.Debug|Win32.ActiveCfg = Debug|Win32
		{A9A2C480-32AC-4EE2-A35F-8940DB75B1B9}.Debug|Win32.Build.0 = Debug|Win32
		{A9A2C480-32AC-4EE2-A35F-8940DB75B1B9}.Debug|x64.ActiveCfg = Debug|Win32
		{A9A2C480-32AC-4EE2-A35F-8940DB75B1B9}.Release|Win32.ActiveCfg = Release|Win32
		{A9A2C480-32AC-4EE2-A35F-8940DB75B1B9}.Release|Win32.Build.0 = Release|Win32
		{A9A2C480-32AC-4EE2-A35F-8940DB75B1B9}.Release|x64.ActiveCfg = Release|Win32
		{5DD2FCCD-9488-4AFA-90BB-AB31926BD9BF}.Debug|Win32.ActiveCfg = Debug|Win32
		{5DD2FCCD-9488-4AFA-90BB-AB31926BD9BF}.Debug|Win32.Build.0 = Debug|Win32
		{5DD2FCCD-9488-4AFA-90BB-AB31926BD9BF}.Debug|x64.ActiveCfg = Debug|Win32
		{5DD2FCCD-9488-4AFA-90BB-AB31926BD9BF}.Release|Win32.ActiveCfg = Release|Win32
		{5DD2FCCD-9488-4AFA-90BB-AB31926BD9BF}.Release|Win32.Build.0 = Release|Win32
		{5DD2FCCD-9488-4AFA-90BB-AB31926BD9BF}.Release|x64.ActiveCfg = Release|Win32
		{B2E6AC7A-D171-404E-8C81-7633493A32B3}.Debug|Win32.ActiveCfg = Debug|Win32
		{B2E6AC7A-D171-404E-8C81-7633493A32B3}.Debug|Win32.Build.0 = Debug|Win32
		{B2E6AC7A-D171-404E-8C81-7633493A32B3}.Debug|x64.ActiveCfg = Debug|Win32
		{B2E6AC7A-D171-404E-8C81-7633493A32B3}.Release|Win32.ActiveCfg = Release|Win32
		{B2E6AC7A-D171-404E-8C81-7633493A32B3}.Release|Win32.Build.0 = Release|Win32
		{B2E6AC7A-D171-404E-8C81-7633493A32B3}.Release|x64.ActiveCfg = Release|Win32
		{16E1A57C-3552-449F-8255-0A8031B264AF}.Debug|Win32.ActiveCfg = Debug|Win32
		{16E1A57C-3552-449F-8255-0A8031B264AF}.Debug|Win32.Build.0 = Debug|Win32
		{16E1A57C-3552-449F-8255-0A8031B264AF}.Debug|x64.ActiveCfg = Debug|Win32
		{16E1A57C-3552-449F-8255-0A8031B264AF}.Release|Win32.ActiveCfg = Release|Win32
		{16E1A57C-3552-449F-8255-0A8031B264AF}.Release|Win32.Build.0 = Release|Win32
		{16E1A57C-3552-449F-8255-0A8031B264AF}.Release|x64.ActiveCfg = Release|Win32
		{6F03E92D-FA2F-4E9E-92D6-428848A0A6D6}.Debug|Win32.ActiveCfg = Debug|Win32
		{6F03E92D-FA2F-4E9E-92D6-428848A0A6D6}.Debug|Win32.Build.0 = Debug|Win32
		{6F03E92D-FA2F-4E9E-92D6-428848A0A6D6}.Debug|x64.ActiveCfg = Debug|Win32
		{6F03E92D-FA2F-4E9E-92D6-428848A0A6D6}.Release|Win32.ActiveCfg = Release|Win32
		{6F03E92D-FA2F-4E9E-92D6-428848A0A6D6}.Release|Win32.Build.0 = Release|Win32
		{6F03E92D-FA2F-4E9E-92D6-428848A0A6D6}.Release|x64.ActiveCfg = Release|Win32
		{7957F4B4-0F77-485D-8107-FE918DE15572}.Debug|Win32.ActiveCfg = Debug|Win32
		{7957F4B4-0F77-485D-8107-FE918DE15572}.Debug|Win32.Build.0 = Debug|Win32
		{7957F4B4-0F77-485D-8107-FE918DE15572}.Debug|x64.ActiveCfg = Debug|Win32
		{7957F4B4-0F77-485D-8107-FE918DE15572}.Release|Win32.ActiveCfg = Release|Win32
		{7957F4B4-0F77-485D-8107-FE918DE15572}.Release|Win32.Build.0 = Release|Win32
		{7957F4B4-0F77-485D-8107-FE918DE15572}.Release|x64.ActiveCfg = Release|Win32
		{537D0994-7C12-4657-BD6D-CEF9FB9E5452}.Debug|Win32.ActiveCfg = Debug|Win32
		{537D0994-7C12-4657-BD6D-CEF9FB9E5452}.Debug|Win32.Build.0 = Debug|Win32
		{537D0994-7C12-4657-BD6D-CEF9FB9E5452}.Debug|x64.ActiveCfg = Debug|Win32
		{537D0994-7C12-4657-BD6D-CEF9FB9E5452}.Release|Win32.ActiveCfg = Release|Win32
		{537D0994-7C12-4657-BD6D-CEF9FB9E5452}.Release|Win32.Build.0 = Release|Win32
		{537D0994-7C12-4657-BD6D-CEF9FB9E5452}.Release|x64.ActiveCfg = Release|Win32
		{2E1A6D6D-5F75-4057-8FA1-48617C1369F2}.Debug|Win32.ActiveCfg = Debug|Win32
		{2E1A6D6D-5F75-4057-8FA1-48617C1369F2}.Debug|Win32.Build.0 = Debug|Win32
		{2E1A6D6D-5F75-4057-8FA1-48617C1369F2}.Debug|x64.ActiveCfg = Debug|Win32
		{2E1A6D6D-5F75-4057-8FA1-48617C1369F2}.Release|Win32.ActiveCfg = Release|Win32
		{2E1A6D6D-5F75-4057-8FA1-48617C1369F2}.Release|Win32.Build.0 = Release|Win32
		{2E1A6D6D-5F75-4057-8FA1-48617C1369F2}.Release|x64.ActiveCfg = Release|Win32
		{0F66C673-22B3-464A-8E6D-F59FA045E009}.Debug|Win32.ActiveCfg = Debug|Win32
		{0F66C673-22B3-464A-8E6D-F59FA045E009}.Debug|Win32.Build.0 = Debug|Win32
		{0F66C673-22B3-464A-8E6D-F59FA045E009}.Debug|x64.ActiveCfg = Debug|Win32
		{0F66C673-22B3-464A-8E6D-F59FA045E009}.Release|Win32.ActiveCfg = Release|Win32
		{0F66C673-22B3-464A-8E6D-F59FA045E009}.Release|Win32.Build.0 = Release|Win32
		{0F66C673-22B3-464A-8E6D-F59FA045E009}.Release|x64.ActiveCfg = Release|Win32
		{61CF8DB1-4CA6-42E0-B956-9889DF914B6D}.Debug|Win32.ActiveCfg = Debug|Win32
		{61CF8DB1-4CA6-42E0-B956-9889DF914B6D}.Debug|Win32.Build.0 = Debug|Win32
		{61CF8DB1-4CA6-42E0-B956-9889DF914B6D}.Debug|x64.ActiveCfg = Debug|Win32
		{61CF8DB1-4CA6-42E0-B956-9889DF914B6D}.Release|Win32.ActiveCfg = Release|Win32
		{61CF8DB1-4CA6-42E0-B956-9889DF914B6D}.Release|Win32.Build.0 = Release|Win32
		{61CF8DB1-4CA6-42E0-B956-9889DF914B6D}.Release|x64.ActiveCfg = Release|Win32
		{A5A9FAF5-7D1D-4FE3-A850-6C20E490BE45}.Debug|Win32.ActiveCfg = Debug|Win32
		{A5A9FAF5-7D1D-4FE3-A850-6C20E490BE45}.Debug|Win32.Build.0 = Debug|Win32
		{A5A9FAF5-7D1D-4FE3-A850-6C20E490BE45}.Debug|x64.ActiveCfg = Debug|Win32
		{A5A9FAF5-7D1D-4FE3-A850-6C20E490BE45}.Release|Win32.ActiveCfg = Release|Win32
		{A5A9FAF5-7D1D-4FE3-A850-6C20E490BE45}.Release|Win32.Build.0 = Release|Win32
		{A5A9FAF5-7D1D-4FE3-A850-6C20E490BE45}.Release|x64.ActiveCfg = Release|Win32
		{8F7D83C2-A12D-40BF-A6A7-F8123AE0CF21}.Debug|Win32.ActiveCfg = Debug|Win32
		{8F7D83C2-A12D-40BF-A6A7-F8123AE0CF21}.Debug|Win32.Build.0 = Debug|Win32
		{8F7D83C2-A12D-40BF-A6A7-F8123AE0CF21}.Debug|x64.ActiveCfg = Debug|Win32
		{8F7D83C2-A12D-40BF-A6A7-F8123AE0CF21}.Release|Win32.ActiveCfg = Release|Win32
		{8F7D83C2-A12D-40BF-A6A7-F8123AE0CF21}.Release|Win32.Build.0 = Release|Win32
		{8F7D83C2-A12D-40BF-A6A7-F8123AE0CF21}.Release|x64.ActiveCfg = Release|Win32
		{2C400170-7AE0-49C9-A467-504980D159E2}.Debug|Win32.ActiveCfg = Debug|Win32
		{2C400170-7AE0-49C9-A467-504980D159E2}.Debug|Win32.Build.0 = Debug|Win32
		{2C400170-7AE0-49C9-A467-504980D159E2}.Debug|x64.ActiveCfg = Debug|Win32
		{2C400170-7AE0-49C9-A467-504980D159E2}.Release|Win32.ActiveCfg = Release|Win32
		{2C400170-7AE0-49C9-A467-504980D159E2}.Release|Win32.Build.0 = Release|Win32
		{2C400170-7AE0-49C9-A467-504980D159E2}.Release|x64.ActiveCfg = Release|Win32
		{C6231714-4E18-4C12-8BB7-D0452CA14E1A}.Debug|Win32.ActiveCfg = Debug|Win32
		{C6231714-4E18-4C12-8BB7-D0452CA14E1A}.Debug|Win32.Build.0 = Debug|Win32
		{C6231714-4E18-4C12-8BB7-D0452CA14E1A}.Debug|x64.ActiveCfg = Debug|Win32
		{C6231714-4E18-4C12-8BB7-D0452CA14E1A}.Release|Win32.ActiveCfg = Release|Win32
		{C6231714-4E18-4C12-8BB7-D0452CA14E1A}.Release|Win32.Build.0 = Release|Win32
		{C6231714-4E18-4C12-8BB7-D0452CA14E1A}.Release|x64.ActiveCfg = Release|Win32
		{0297DB69-5F9F-4792-9A52-21E50736BC45}.Debug|Win32.ActiveCfg = Debug|Win32
		{0297DB69-5F9F-4792-9A52-21E50736BC45}.Debug|Win32.Build.0 = Debug|Win32
		{0297DB69-5F9F-4792-9A52-21E50736BC45}.Debug|x64.ActiveCfg = Debug|Win32
		{0297DB69-5F9F-4792-9A52-21E50736BC45}.Release|Win32.ActiveCfg = Release|Win32
		{0297DB69-5F9F-4792-9A52-21E50736BC45}.Release|Win32.Build.0 = Release|Win32
		{0297DB69-5F9F-4792-9A52-21E50736BC45}.Release|x64.ActiveCfg = Release|Win32
		{22C9230F-EC54-4DE4-A7D8-1700DFE171AC}.Debug|Win32.ActiveCfg = Debug|Win32
		{22C9230F-EC54-4DE4-A7D8-1700DFE171AC}.Debug|Win32.Build.0 = Debug|Win32
		{22C9230F-EC54-4DE4-A7D8-1700DFE171AC}.Debug|x64.ActiveCfg = Debug|Win32
		{22C9230F-EC54-4DE4-A7D8-1700DFE171AC}.Release|Win32.ActiveCfg = Release|Win32
		{22C9230F-EC54-4DE4-A7D8-1700DFE171AC}.Release|Win32.Build.0 = Release|Win32
		{22C9230F-EC54-4DE4-A7D8-1700DFE171AC}.Release|x64.ActiveCfg = Release|Win32
		{7A0294C8-B0CC-463E-986B-3FED08A33914}.Debug|Win32.ActiveCfg = Debug|Win32
		{7A0294C8-B0CC-463E-986B-3FED08A33914}.Debug|Win32.Build.0 = Debug|Win32
		{7A0294C8-B0CC-463E-986B-3FED08A33914}.Debug|x64.ActiveCfg = Debug|Win32
		{7A0294C8-B0CC-463E-986B-3FED08A33914}.Release|Win32.ActiveCfg = Release|Win32
		{7A0294C8-B0CC-463E-986B-3FED08A33914}.Release|Win32.Build.0 = Release|Win32
		{7A0294C8-B0CC-463E-986B-3FED08A33914}.Release|x64.ActiveCfg = Release|Win32
		{CBB8EAF7-2221-4DD6-B3CA-CD5F3109D1F2}.Debug|Win32.ActiveCfg = Debug|Win32
		{CBB8EAF7-2221-4DD6-B3CA-CD5F3109D1F2}.Debug|Win32.Build.0 = Debug|Win32
		{CBB8EAF7-2221-4DD6-B3CA-CD5F3109D1F2}.Debug|x64.ActiveCfg = Debug|Win32
		{CBB8EAF7-2221-4DD6-B3CA-CD5F3109D1F2}.Release|Win32.ActiveCfg = Release|Win32
		{CBB8EAF7-2221-4DD6-B3CA-CD5F3109D1F2}.Release|Win32.Build.0 = Release|Win32
		{CBB8EAF7-2221-4DD6-B3CA-CD5F3109D1F2}.Release|x64.ActiveCfg = Release|Win32
		{6D346702-0C12-4DA0-B45C-420B792B3F1C}.Debug|Win32.ActiveCfg = Debug|Win32
		{6D346702-0C12-4DA0-B45C-420B792B3F1C}.Debug|Win32.Build.0 = Debug|Win32
		{6D346702-0C12-4DA0-B45C-420B792B3F1C}.Debug|x64.ActiveCfg = Debug|Win32
		{6D346702-0C12-4DA0-B45C-420B792B3F1C}.Release|Win32.ActiveCfg = Release|Win32
		{6D346702-0C12-4DA0-B45C-420B792B3F1C}.Release|Win32.Build.0 = Release|Win32
		{6D346702-0C12-4DA0-B45C-420B792B3F1C}.Release|x64.ActiveCfg = Release|Win32
	EndGlobalSection
	GlobalSection(SolutionProperties) = preSolution
		HideSolutionNode = FALSE
	EndGlobalSection
	GlobalSection(NestedProjects) = preSolution
		{A3A5EA75-1B4E-4149-8DFF-90D8A28A10FB} = {1FDE2565-C602-421C-83FD-90F121727991}
		{3C574CD2-9D2C-423A-9644-FEF1EA78BAB9} = {38F4FAE1-1B93-4115-ACD5-CCB6456FBB39}
		{784FAF48-D6BC-40ED-A41E-8788AD4310B3} = {38F4FAE1-1B93-4115-ACD5-CCB6456FBB39}
		{31F232A3-B84C-4101-8E72-52994F0DFDB1} = {38F4FAE1-1B93-4115-ACD5-CCB6456FBB39}
		{66FE22F6-CD5E-4E1D-A5C0-B28E79A9EBDB} = {38F4FAE1-1B93-4115-ACD5-CCB6456FBB39}
		{93C16D96-B3D2-4C65-84BA-27DA05CE3E11} = {38F4FAE1-1B93-4115-ACD5-CCB6456FBB39}
		{A9A2C480-32AC-4EE2-A35F-8940DB75B1B9} = {38F4FAE1-1B93-4115-ACD5-CCB6456FBB39}
		{B2E6AC7A-D171-404E-8C81-7633493A32B3} = {1C1904AA-2634-402E-B980-A7CA320FC995}
		{5DD2FCCD-9488-4AFA-90BB-AB31926BD9BF} = {7FEC8A29-BDB6-472F-A158-A27AD792D9C5}
		{16E1A57C-3552-449F-8255-0A8031B264AF} = {16FE7ABD-679E-4F87-8141-CFC15CB6F8AD}
		{6F03E92D-FA2F-4E9E-92D6-428848A0A6D6} = {16FE7ABD-679E-4F87-8141-CFC15CB6F8AD}
		{7957F4B4-0F77-485D-8107-FE918DE15572} = {16FE7ABD-679E-4F87-8141-CFC15CB6F8AD}
		{537D0994-7C12-4657-BD6D-CEF9FB9E5452} = {16FE7ABD-679E-4F87-8141-CFC15CB6F8AD}
		{2E1A6D6D-5F75-4057-8FA1-48617C1369F2} = {16FE7ABD-679E-4F87-8141-CFC15CB6F8AD}
		{0F66C673-22B3-464A-8E6D-F59FA045E009} = {16FE7ABD-679E-4F87-8141-CFC15CB6F8AD}
		{61CF8DB1-4CA6-42E0-B956-9889DF914B6D} = {16FE7ABD-679E-4F87-8141-CFC15CB6F8AD}
		{A5A9FAF5-7D1D-4FE3-A850-6C20E490BE45} = {16FE7ABD-679E-4F87-8141-CFC15CB6F8AD}
		{8F7D83C2-A12D-40BF-A6A7-F8123AE0CF21} = {16FE7ABD-679E-4F87-8141-CFC15CB6F8AD}
		{CBB8EAF7-2221-4DD6-B3CA-CD5F3109D1F2} = {613E700C-F00C-482F-AEA8-88746C34A025}
		{6D346702-0C12-4DA0-B45C-420B792B3F1C} = {613E700C-F00C-482F-AEA8-88746C34A025}
		{0297DB69-5F9F-4792-9A52-21E50736BC45} = {053D3676-878C-49FC-BE07-5EE4E0D75F81}
		{22C9230F-EC54-4DE4-A7D8-1700DFE171AC} = {053D3676-878C-49FC-BE07-5EE4E0D75F81}
		{7A0294C8-B0CC-463E-986B-3FED08A33914} = {053D3676-878C-49FC-BE07-5EE4E0D75F81}
		{2C400170-7AE0-49C9-A467-504980D159E2} = {B39B156E-AAC9-42AD-863E-504C273F3F9F}
		{C6231714-4E18-4C12-8BB7-D0452CA14E1A} = {B39B156E-AAC9-42AD-863E-504C273F3F9F}
	EndGlobalSection
EndGlobal
