
Microsoft Visual Studio Solution File, Format Version 12.00
# Visual Studio 2013
VisualStudioVersion = 12.0.21005.1
MinimumVisualStudioVersion = 10.0.40219.1
Project("{8BC9CEB8-8B4A-11D0-8D11-00A0C91BC942}") = "ch3-BufferSubData", "ch3-BufferSubData\ch3-BufferSubData.vcxproj", "{F676E294-2B75-4E38-A665-9E5FE9DC4F23}"
EndProject
Project("{8BC9CEB8-8B4A-11D0-8D11-00A0C91BC942}") = "ch3-IndexDraw", "ch3-IndexDraw\ch3-IndexDraw.vcxproj", "{94E8771B-DBDB-4C4A-9102-B7F9C66E6BD0}"
EndProject
Project("{8BC9CEB8-8B4A-11D0-8D11-00A0C91BC942}") = "ch3-PrimitiveRestart", "ch3-PrimitiveRestart\ch3-PrimitiveRestart.vcxproj", "{30936DC4-859B-489F-ADAE-0F2A1746D363}"
EndProject
Project("{8BC9CEB8-8B4A-11D0-8D11-00A0C91BC942}") = "ch3-instanceDraw", "ch3-instanceDraw\ch3-instanceDraw.vcxproj", "{5E11B458-E5F1-469D-843A-37E866618AFC}"
EndProject
Project("{8BC9CEB8-8B4A-11D0-8D11-00A0C91BC942}") = "ch3-InstanceDraw2", "ch3-InstanceDraw1\ch3-InstanceDraw1.vcxproj", "{C93D2FC1-B3FF-445A-85E1-030BFACA1354}"
EndProject
Project("{8BC9CEB8-8B4A-11D0-8D11-00A0C91BC942}") = "ch3-InstanceDraw3", "ch3-InstanceDraw3\ch3-InstanceDraw3.vcxproj", "{6A9B4C52-3539-42AB-921B-48A7AD442D04}"
EndProject
Project("{8BC9CEB8-8B4A-11D0-8D11-00A0C91BC942}") = "ch4-Gouraud", "ch4-Gouraud\ch4-Gouraud.vcxproj", "{953E4DA4-2691-48A9-8EB7-2493890FD61B}"
EndProject
Project("{8BC9CEB8-8B4A-11D0-8D11-00A0C91BC942}") = "ch4-shadowMap", "ch4-shadowMap\ch4-shadowMap.vcxproj", "{5EAC2C77-B24E-4BD0-B1F8-DF8DAF2C8FA2}"
EndProject
Project("{8BC9CEB8-8B4A-11D0-8D11-00A0C91BC942}") = "ch3-pointSprites", "ch3-pointSprites\ch3-pointSprites.vcxproj", "{63E29CAB-B6E3-460D-8B26-70840B9B1701}"
EndProject
Project("{8BC9CEB8-8B4A-11D0-8D11-00A0C91BC942}") = "ch6-LoadTexture", "ch6-LoadTexture\ch6-LoadTexture.vcxproj", "{C88A8F2B-416C-448B-9D19-63AB7A47C218}"
EndProject
Project("{8BC9CEB8-8B4A-11D0-8D11-00A0C91BC942}") = "ch1-Triangle", "ch1-Triangle\ch1-Triangle.vcxproj", "{B01BFF86-B050-4E6D-89BC-4C1CB2CA18B1}"
EndProject
Project("{8BC9CEB8-8B4A-11D0-8D11-00A0C91BC942}") = "ch6-Texture", "ch6-Texture\ch6-Texture.vcxproj", "{7B7AA1C7-88B9-4001-9112-E838A6E32D96}"
EndProject
Project("{8BC9CEB8-8B4A-11D0-8D11-00A0C91BC942}") = "ch6-MultiTextrue", "ch6-MultiTextrue\ch6-MultiTextrue.vcxproj", "{30D48CA1-5DDD-43FA-B971-76E4B0B0EF2C}"
EndProject
Project("{8BC9CEB8-8B4A-11D0-8D11-00A0C91BC942}") = "ch6-mipmap", "ch6-mipmap\ch6-mipmap.vcxproj", "{EAC60C95-E0F0-4EA2-9A9E-289479E7733D}"
EndProject
Project("{8BC9CEB8-8B4A-11D0-8D11-00A0C91BC942}") = "ch6-mipFilters", "ch6-mipFilters\ch6-mipFilters.vcxproj", "{CF9D0276-8244-429D-84F5-AA3F9B8CD26D}"
EndProject
Project("{8BC9CEB8-8B4A-11D0-8D11-00A0C91BC942}") = "ch6-textureWrapping", "ch6-textureWrapping\ch6-textureWrapping.vcxproj", "{06163112-B57B-46DF-89A7-9FA176B515F5}"
EndProject
Project("{8BC9CEB8-8B4A-11D0-8D11-00A0C91BC942}") = "ch6-volumeTexture", "ch6-volumeTexture\ch6-volumeTexture.vcxproj", "{44E036F9-010C-45BE-B072-CD3BDE3B78AD}"
EndProject
Project("{8BC9CEB8-8B4A-11D0-8D11-00A0C91BC942}") = "ch6-cubeMap", "ch6-cubeMap\ch6-cubeMap.vcxproj", "{BF3B84EE-3367-4DB2-9A54-2B7382CECBAC}"
EndProject
Project("{8BC9CEB8-8B4A-11D0-8D11-00A0C91BC942}") = "ch7-diffuseLight", "ch7-diffuseLight\ch7-diffuseLight.vcxproj", "{232EEDCD-00B5-45C7-A32C-B525A0994E90}"
EndProject
Project("{8BC9CEB8-8B4A-11D0-8D11-00A0C91BC942}") = "ch7-specularLight", "ch7-specularLight\ch7-specularLight.vcxproj", "{9214E79C-FFA4-464F-B978-AE182E598B32}"
EndProject
Project("{8BC9CEB8-8B4A-11D0-8D11-00A0C91BC942}") = "ch7-pointLight", "ch7-pointLight\ch7-pointLight.vcxproj", "{1ECC8615-27EC-4D51-8429-D8A705B7D836}"
EndProject
Project("{8BC9CEB8-8B4A-11D0-8D11-00A0C91BC942}") = "ch7-spotLight", "ch7-spotLight\ch7-spotLight.vcxproj", "{64F2D5BA-8C3C-4ABD-A30B-09EF79244E73}"
EndProject
Project("{8BC9CEB8-8B4A-11D0-8D11-00A0C91BC942}") = "ch7-ambientLight", "ch7-ambientLight\ch7-ambientLight.vcxproj", "{676457FB-E108-4606-8359-4E550AC50912}"
EndProject
Global
	GlobalSection(SolutionConfigurationPlatforms) = preSolution
		Debug|Win32 = Debug|Win32
		Debug|x64 = Debug|x64
		Release|Win32 = Release|Win32
		Release|x64 = Release|x64
	EndGlobalSection
	GlobalSection(ProjectConfigurationPlatforms) = postSolution
		{F676E294-2B75-4E38-A665-9E5FE9DC4F23}.Debug|Win32.ActiveCfg = Debug|Win32
		{F676E294-2B75-4E38-A665-9E5FE9DC4F23}.Debug|Win32.Build.0 = Debug|Win32
		{F676E294-2B75-4E38-A665-9E5FE9DC4F23}.Debug|x64.ActiveCfg = Debug|x64
		{F676E294-2B75-4E38-A665-9E5FE9DC4F23}.Debug|x64.Build.0 = Debug|x64
		{F676E294-2B75-4E38-A665-9E5FE9DC4F23}.Release|Win32.ActiveCfg = Release|Win32
		{F676E294-2B75-4E38-A665-9E5FE9DC4F23}.Release|Win32.Build.0 = Release|Win32
		{F676E294-2B75-4E38-A665-9E5FE9DC4F23}.Release|x64.ActiveCfg = Release|x64
		{F676E294-2B75-4E38-A665-9E5FE9DC4F23}.Release|x64.Build.0 = Release|x64
		{94E8771B-DBDB-4C4A-9102-B7F9C66E6BD0}.Debug|Win32.ActiveCfg = Debug|Win32
		{94E8771B-DBDB-4C4A-9102-B7F9C66E6BD0}.Debug|Win32.Build.0 = Debug|Win32
		{94E8771B-DBDB-4C4A-9102-B7F9C66E6BD0}.Debug|x64.ActiveCfg = Debug|x64
		{94E8771B-DBDB-4C4A-9102-B7F9C66E6BD0}.Debug|x64.Build.0 = Debug|x64
		{94E8771B-DBDB-4C4A-9102-B7F9C66E6BD0}.Release|Win32.ActiveCfg = Release|Win32
		{94E8771B-DBDB-4C4A-9102-B7F9C66E6BD0}.Release|Win32.Build.0 = Release|Win32
		{94E8771B-DBDB-4C4A-9102-B7F9C66E6BD0}.Release|x64.ActiveCfg = Release|x64
		{94E8771B-DBDB-4C4A-9102-B7F9C66E6BD0}.Release|x64.Build.0 = Release|x64
		{30936DC4-859B-489F-ADAE-0F2A1746D363}.Debug|Win32.ActiveCfg = Debug|Win32
		{30936DC4-859B-489F-ADAE-0F2A1746D363}.Debug|Win32.Build.0 = Debug|Win32
		{30936DC4-859B-489F-ADAE-0F2A1746D363}.Debug|x64.ActiveCfg = Debug|x64
		{30936DC4-859B-489F-ADAE-0F2A1746D363}.Debug|x64.Build.0 = Debug|x64
		{30936DC4-859B-489F-ADAE-0F2A1746D363}.Release|Win32.ActiveCfg = Release|Win32
		{30936DC4-859B-489F-ADAE-0F2A1746D363}.Release|Win32.Build.0 = Release|Win32
		{30936DC4-859B-489F-ADAE-0F2A1746D363}.Release|x64.ActiveCfg = Release|x64
		{30936DC4-859B-489F-ADAE-0F2A1746D363}.Release|x64.Build.0 = Release|x64
		{5E11B458-E5F1-469D-843A-37E866618AFC}.Debug|Win32.ActiveCfg = Debug|Win32
		{5E11B458-E5F1-469D-843A-37E866618AFC}.Debug|Win32.Build.0 = Debug|Win32
		{5E11B458-E5F1-469D-843A-37E866618AFC}.Debug|x64.ActiveCfg = Debug|x64
		{5E11B458-E5F1-469D-843A-37E866618AFC}.Debug|x64.Build.0 = Debug|x64
		{5E11B458-E5F1-469D-843A-37E866618AFC}.Release|Win32.ActiveCfg = Release|Win32
		{5E11B458-E5F1-469D-843A-37E866618AFC}.Release|Win32.Build.0 = Release|Win32
		{5E11B458-E5F1-469D-843A-37E866618AFC}.Release|x64.ActiveCfg = Release|x64
		{5E11B458-E5F1-469D-843A-37E866618AFC}.Release|x64.Build.0 = Release|x64
		{C93D2FC1-B3FF-445A-85E1-030BFACA1354}.Debug|Win32.ActiveCfg = Debug|Win32
		{C93D2FC1-B3FF-445A-85E1-030BFACA1354}.Debug|Win32.Build.0 = Debug|Win32
		{C93D2FC1-B3FF-445A-85E1-030BFACA1354}.Debug|x64.ActiveCfg = Debug|x64
		{C93D2FC1-B3FF-445A-85E1-030BFACA1354}.Debug|x64.Build.0 = Debug|x64
		{C93D2FC1-B3FF-445A-85E1-030BFACA1354}.Release|Win32.ActiveCfg = Release|Win32
		{C93D2FC1-B3FF-445A-85E1-030BFACA1354}.Release|Win32.Build.0 = Release|Win32
		{C93D2FC1-B3FF-445A-85E1-030BFACA1354}.Release|x64.ActiveCfg = Release|x64
		{C93D2FC1-B3FF-445A-85E1-030BFACA1354}.Release|x64.Build.0 = Release|x64
		{6A9B4C52-3539-42AB-921B-48A7AD442D04}.Debug|Win32.ActiveCfg = Debug|Win32
		{6A9B4C52-3539-42AB-921B-48A7AD442D04}.Debug|Win32.Build.0 = Debug|Win32
		{6A9B4C52-3539-42AB-921B-48A7AD442D04}.Debug|x64.ActiveCfg = Debug|x64
		{6A9B4C52-3539-42AB-921B-48A7AD442D04}.Debug|x64.Build.0 = Debug|x64
		{6A9B4C52-3539-42AB-921B-48A7AD442D04}.Release|Win32.ActiveCfg = Release|Win32
		{6A9B4C52-3539-42AB-921B-48A7AD442D04}.Release|Win32.Build.0 = Release|Win32
		{6A9B4C52-3539-42AB-921B-48A7AD442D04}.Release|x64.ActiveCfg = Release|x64
		{6A9B4C52-3539-42AB-921B-48A7AD442D04}.Release|x64.Build.0 = Release|x64
		{953E4DA4-2691-48A9-8EB7-2493890FD61B}.Debug|Win32.ActiveCfg = Debug|Win32
		{953E4DA4-2691-48A9-8EB7-2493890FD61B}.Debug|Win32.Build.0 = Debug|Win32
		{953E4DA4-2691-48A9-8EB7-2493890FD61B}.Debug|x64.ActiveCfg = Debug|x64
		{953E4DA4-2691-48A9-8EB7-2493890FD61B}.Debug|x64.Build.0 = Debug|x64
		{953E4DA4-2691-48A9-8EB7-2493890FD61B}.Release|Win32.ActiveCfg = Release|Win32
		{953E4DA4-2691-48A9-8EB7-2493890FD61B}.Release|Win32.Build.0 = Release|Win32
		{953E4DA4-2691-48A9-8EB7-2493890FD61B}.Release|x64.ActiveCfg = Release|x64
		{953E4DA4-2691-48A9-8EB7-2493890FD61B}.Release|x64.Build.0 = Release|x64
		{5EAC2C77-B24E-4BD0-B1F8-DF8DAF2C8FA2}.Debug|Win32.ActiveCfg = Debug|Win32
		{5EAC2C77-B24E-4BD0-B1F8-DF8DAF2C8FA2}.Debug|Win32.Build.0 = Debug|Win32
		{5EAC2C77-B24E-4BD0-B1F8-DF8DAF2C8FA2}.Debug|x64.ActiveCfg = Debug|x64
		{5EAC2C77-B24E-4BD0-B1F8-DF8DAF2C8FA2}.Debug|x64.Build.0 = Debug|x64
		{5EAC2C77-B24E-4BD0-B1F8-DF8DAF2C8FA2}.Release|Win32.ActiveCfg = Release|Win32
		{5EAC2C77-B24E-4BD0-B1F8-DF8DAF2C8FA2}.Release|Win32.Build.0 = Release|Win32
		{5EAC2C77-B24E-4BD0-B1F8-DF8DAF2C8FA2}.Release|x64.ActiveCfg = Release|x64
		{5EAC2C77-B24E-4BD0-B1F8-DF8DAF2C8FA2}.Release|x64.Build.0 = Release|x64
		{63E29CAB-B6E3-460D-8B26-70840B9B1701}.Debug|Win32.ActiveCfg = Debug|Win32
		{63E29CAB-B6E3-460D-8B26-70840B9B1701}.Debug|Win32.Build.0 = Debug|Win32
		{63E29CAB-B6E3-460D-8B26-70840B9B1701}.Debug|x64.ActiveCfg = Debug|x64
		{63E29CAB-B6E3-460D-8B26-70840B9B1701}.Debug|x64.Build.0 = Debug|x64
		{63E29CAB-B6E3-460D-8B26-70840B9B1701}.Release|Win32.ActiveCfg = Release|Win32
		{63E29CAB-B6E3-460D-8B26-70840B9B1701}.Release|Win32.Build.0 = Release|Win32
		{63E29CAB-B6E3-460D-8B26-70840B9B1701}.Release|x64.ActiveCfg = Release|x64
		{63E29CAB-B6E3-460D-8B26-70840B9B1701}.Release|x64.Build.0 = Release|x64
		{C88A8F2B-416C-448B-9D19-63AB7A47C218}.Debug|Win32.ActiveCfg = Debug|Win32
		{C88A8F2B-416C-448B-9D19-63AB7A47C218}.Debug|Win32.Build.0 = Debug|Win32
		{C88A8F2B-416C-448B-9D19-63AB7A47C218}.Debug|x64.ActiveCfg = Debug|Win32
		{C88A8F2B-416C-448B-9D19-63AB7A47C218}.Release|Win32.ActiveCfg = Release|Win32
		{C88A8F2B-416C-448B-9D19-63AB7A47C218}.Release|Win32.Build.0 = Release|Win32
		{C88A8F2B-416C-448B-9D19-63AB7A47C218}.Release|x64.ActiveCfg = Release|Win32
		{B01BFF86-B050-4E6D-89BC-4C1CB2CA18B1}.Debug|Win32.ActiveCfg = Debug|Win32
		{B01BFF86-B050-4E6D-89BC-4C1CB2CA18B1}.Debug|Win32.Build.0 = Debug|Win32
		{B01BFF86-B050-4E6D-89BC-4C1CB2CA18B1}.Debug|x64.ActiveCfg = Debug|x64
		{B01BFF86-B050-4E6D-89BC-4C1CB2CA18B1}.Debug|x64.Build.0 = Debug|x64
		{B01BFF86-B050-4E6D-89BC-4C1CB2CA18B1}.Release|Win32.ActiveCfg = Release|Win32
		{B01BFF86-B050-4E6D-89BC-4C1CB2CA18B1}.Release|Win32.Build.0 = Release|Win32
		{B01BFF86-B050-4E6D-89BC-4C1CB2CA18B1}.Release|x64.ActiveCfg = Release|x64
		{B01BFF86-B050-4E6D-89BC-4C1CB2CA18B1}.Release|x64.Build.0 = Release|x64
		{7B7AA1C7-88B9-4001-9112-E838A6E32D96}.Debug|Win32.ActiveCfg = Debug|Win32
		{7B7AA1C7-88B9-4001-9112-E838A6E32D96}.Debug|Win32.Build.0 = Debug|Win32
		{7B7AA1C7-88B9-4001-9112-E838A6E32D96}.Debug|x64.ActiveCfg = Debug|Win32
		{7B7AA1C7-88B9-4001-9112-E838A6E32D96}.Release|Win32.ActiveCfg = Release|Win32
		{7B7AA1C7-88B9-4001-9112-E838A6E32D96}.Release|Win32.Build.0 = Release|Win32
		{7B7AA1C7-88B9-4001-9112-E838A6E32D96}.Release|x64.ActiveCfg = Release|Win32
		{30D48CA1-5DDD-43FA-B971-76E4B0B0EF2C}.Debug|Win32.ActiveCfg = Debug|Win32
		{30D48CA1-5DDD-43FA-B971-76E4B0B0EF2C}.Debug|Win32.Build.0 = Debug|Win32
		{30D48CA1-5DDD-43FA-B971-76E4B0B0EF2C}.Debug|x64.ActiveCfg = Debug|Win32
		{30D48CA1-5DDD-43FA-B971-76E4B0B0EF2C}.Release|Win32.ActiveCfg = Release|Win32
		{30D48CA1-5DDD-43FA-B971-76E4B0B0EF2C}.Release|Win32.Build.0 = Release|Win32
		{30D48CA1-5DDD-43FA-B971-76E4B0B0EF2C}.Release|x64.ActiveCfg = Release|Win32
		{EAC60C95-E0F0-4EA2-9A9E-289479E7733D}.Debug|Win32.ActiveCfg = Debug|Win32
		{EAC60C95-E0F0-4EA2-9A9E-289479E7733D}.Debug|Win32.Build.0 = Debug|Win32
		{EAC60C95-E0F0-4EA2-9A9E-289479E7733D}.Debug|x64.ActiveCfg = Debug|Win32
		{EAC60C95-E0F0-4EA2-9A9E-289479E7733D}.Release|Win32.ActiveCfg = Release|Win32
		{EAC60C95-E0F0-4EA2-9A9E-289479E7733D}.Release|Win32.Build.0 = Release|Win32
		{EAC60C95-E0F0-4EA2-9A9E-289479E7733D}.Release|x64.ActiveCfg = Release|Win32
		{CF9D0276-8244-429D-84F5-AA3F9B8CD26D}.Debug|Win32.ActiveCfg = Debug|Win32
		{CF9D0276-8244-429D-84F5-AA3F9B8CD26D}.Debug|Win32.Build.0 = Debug|Win32
		{CF9D0276-8244-429D-84F5-AA3F9B8CD26D}.Debug|x64.ActiveCfg = Debug|Win32
		{CF9D0276-8244-429D-84F5-AA3F9B8CD26D}.Release|Win32.ActiveCfg = Release|Win32
		{CF9D0276-8244-429D-84F5-AA3F9B8CD26D}.Release|Win32.Build.0 = Release|Win32
		{CF9D0276-8244-429D-84F5-AA3F9B8CD26D}.Release|x64.ActiveCfg = Release|Win32
		{06163112-B57B-46DF-89A7-9FA176B515F5}.Debug|Win32.ActiveCfg = Debug|Win32
		{06163112-B57B-46DF-89A7-9FA176B515F5}.Debug|Win32.Build.0 = Debug|Win32
		{06163112-B57B-46DF-89A7-9FA176B515F5}.Debug|x64.ActiveCfg = Debug|Win32
		{06163112-B57B-46DF-89A7-9FA176B515F5}.Release|Win32.ActiveCfg = Release|Win32
		{06163112-B57B-46DF-89A7-9FA176B515F5}.Release|Win32.Build.0 = Release|Win32
		{06163112-B57B-46DF-89A7-9FA176B515F5}.Release|x64.ActiveCfg = Release|Win32
		{44E036F9-010C-45BE-B072-CD3BDE3B78AD}.Debug|Win32.ActiveCfg = Debug|Win32
		{44E036F9-010C-45BE-B072-CD3BDE3B78AD}.Debug|Win32.Build.0 = Debug|Win32
		{44E036F9-010C-45BE-B072-CD3BDE3B78AD}.Debug|x64.ActiveCfg = Debug|Win32
		{44E036F9-010C-45BE-B072-CD3BDE3B78AD}.Release|Win32.ActiveCfg = Release|Win32
		{44E036F9-010C-45BE-B072-CD3BDE3B78AD}.Release|Win32.Build.0 = Release|Win32
		{44E036F9-010C-45BE-B072-CD3BDE3B78AD}.Release|x64.ActiveCfg = Release|Win32
		{BF3B84EE-3367-4DB2-9A54-2B7382CECBAC}.Debug|Win32.ActiveCfg = Debug|Win32
		{BF3B84EE-3367-4DB2-9A54-2B7382CECBAC}.Debug|Win32.Build.0 = Debug|Win32
		{BF3B84EE-3367-4DB2-9A54-2B7382CECBAC}.Debug|x64.ActiveCfg = Debug|Win32
		{BF3B84EE-3367-4DB2-9A54-2B7382CECBAC}.Release|Win32.ActiveCfg = Release|Win32
		{BF3B84EE-3367-4DB2-9A54-2B7382CECBAC}.Release|Win32.Build.0 = Release|Win32
		{BF3B84EE-3367-4DB2-9A54-2B7382CECBAC}.Release|x64.ActiveCfg = Release|Win32
		{232EEDCD-00B5-45C7-A32C-B525A0994E90}.Debug|Win32.ActiveCfg = Debug|Win32
		{232EEDCD-00B5-45C7-A32C-B525A0994E90}.Debug|Win32.Build.0 = Debug|Win32
		{232EEDCD-00B5-45C7-A32C-B525A0994E90}.Debug|x64.ActiveCfg = Debug|Win32
		{232EEDCD-00B5-45C7-A32C-B525A0994E90}.Release|Win32.ActiveCfg = Release|Win32
		{232EEDCD-00B5-45C7-A32C-B525A0994E90}.Release|Win32.Build.0 = Release|Win32
		{232EEDCD-00B5-45C7-A32C-B525A0994E90}.Release|x64.ActiveCfg = Release|Win32
		{9214E79C-FFA4-464F-B978-AE182E598B32}.Debug|Win32.ActiveCfg = Debug|Win32
		{9214E79C-FFA4-464F-B978-AE182E598B32}.Debug|Win32.Build.0 = Debug|Win32
		{9214E79C-FFA4-464F-B978-AE182E598B32}.Debug|x64.ActiveCfg = Debug|Win32
		{9214E79C-FFA4-464F-B978-AE182E598B32}.Release|Win32.ActiveCfg = Release|Win32
		{9214E79C-FFA4-464F-B978-AE182E598B32}.Release|Win32.Build.0 = Release|Win32
		{9214E79C-FFA4-464F-B978-AE182E598B32}.Release|x64.ActiveCfg = Release|Win32
		{1ECC8615-27EC-4D51-8429-D8A705B7D836}.Debug|Win32.ActiveCfg = Debug|Win32
		{1ECC8615-27EC-4D51-8429-D8A705B7D836}.Debug|Win32.Build.0 = Debug|Win32
		{1ECC8615-27EC-4D51-8429-D8A705B7D836}.Debug|x64.ActiveCfg = Debug|Win32
		{1ECC8615-27EC-4D51-8429-D8A705B7D836}.Release|Win32.ActiveCfg = Release|Win32
		{1ECC8615-27EC-4D51-8429-D8A705B7D836}.Release|Win32.Build.0 = Release|Win32
		{1ECC8615-27EC-4D51-8429-D8A705B7D836}.Release|x64.ActiveCfg = Release|Win32
		{64F2D5BA-8C3C-4ABD-A30B-09EF79244E73}.Debug|Win32.ActiveCfg = Debug|Win32
		{64F2D5BA-8C3C-4ABD-A30B-09EF79244E73}.Debug|Win32.Build.0 = Debug|Win32
		{64F2D5BA-8C3C-4ABD-A30B-09EF79244E73}.Debug|x64.ActiveCfg = Debug|Win32
		{64F2D5BA-8C3C-4ABD-A30B-09EF79244E73}.Release|Win32.ActiveCfg = Release|Win32
		{64F2D5BA-8C3C-4ABD-A30B-09EF79244E73}.Release|Win32.Build.0 = Release|Win32
		{64F2D5BA-8C3C-4ABD-A30B-09EF79244E73}.Release|x64.ActiveCfg = Release|Win32
		{676457FB-E108-4606-8359-4E550AC50912}.Debug|Win32.ActiveCfg = Debug|Win32
		{676457FB-E108-4606-8359-4E550AC50912}.Debug|Win32.Build.0 = Debug|Win32
		{676457FB-E108-4606-8359-4E550AC50912}.Debug|x64.ActiveCfg = Debug|Win32
		{676457FB-E108-4606-8359-4E550AC50912}.Release|Win32.ActiveCfg = Release|Win32
		{676457FB-E108-4606-8359-4E550AC50912}.Release|Win32.Build.0 = Release|Win32
		{676457FB-E108-4606-8359-4E550AC50912}.Release|x64.ActiveCfg = Release|Win32
	EndGlobalSection
	GlobalSection(SolutionProperties) = preSolution
		HideSolutionNode = FALSE
	EndGlobalSection
EndGlobal
